// !$*UTF8*$!
{
	archiveVersion = 1;
	classes = {
	};
	objectVersion = 56;
	objects = {

/* Begin PBXBuildFile section */
		2DA4CCD12BE3F96600F67064 /* NewsRouter.swift in Sources */ = {isa = PBXBuildFile; fileRef = 2DA4CCD02BE3F96600F67064 /* NewsRouter.swift */; };
		2DD164332BE11BE800855822 /* CleanSwiftWithRouterApp.swift in Sources */ = {isa = PBXBuildFile; fileRef = 2DD164322BE11BE800855822 /* CleanSwiftWithRouterApp.swift */; };
		2DD164352BE11BE800855822 /* ContentView.swift in Sources */ = {isa = PBXBuildFile; fileRef = 2DD164342BE11BE800855822 /* ContentView.swift */; };
		2DD164372BE11BE800855822 /* Item.swift in Sources */ = {isa = PBXBuildFile; fileRef = 2DD164362BE11BE800855822 /* Item.swift */; };
		2DD164392BE11BE900855822 /* Assets.xcassets in Resources */ = {isa = PBXBuildFile; fileRef = 2DD164382BE11BE900855822 /* Assets.xcassets */; };
		2DD1643D2BE11BE900855822 /* Preview Assets.xcassets in Resources */ = {isa = PBXBuildFile; fileRef = 2DD1643C2BE11BE900855822 /* Preview Assets.xcassets */; };
		2DD164542BE123D000855822 /* NewsListView.swift in Sources */ = {isa = PBXBuildFile; fileRef = 2DD164532BE123D000855822 /* NewsListView.swift */; };
		2DD164562BE1249000855822 /* NewsListViewModel.swift in Sources */ = {isa = PBXBuildFile; fileRef = 2DD164552BE1249000855822 /* NewsListViewModel.swift */; };
		2DD164582BE1249E00855822 /* NewsUsecase.swift in Sources */ = {isa = PBXBuildFile; fileRef = 2DD164572BE1249E00855822 /* NewsUsecase.swift */; };
		2DD1645A2BE1254200855822 /* NewsEntity.swift in Sources */ = {isa = PBXBuildFile; fileRef = 2DD164592BE1254200855822 /* NewsEntity.swift */; };
		2DD1645C2BE1255E00855822 /* NewsEndpoint.swift in Sources */ = {isa = PBXBuildFile; fileRef = 2DD1645B2BE1255E00855822 /* NewsEndpoint.swift */; };
		2DD1645E2BE1258700855822 /* NewsListRepoImp.swift in Sources */ = {isa = PBXBuildFile; fileRef = 2DD1645D2BE1258700855822 /* NewsListRepoImp.swift */; };
		2DD164602BE1259100855822 /* News.swift in Sources */ = {isa = PBXBuildFile; fileRef = 2DD1645F2BE1259100855822 /* News.swift */; };
		2DD164622BE125A800855822 /* NewsRespositoryProtocol.swift in Sources */ = {isa = PBXBuildFile; fileRef = 2DD164612BE125A800855822 /* NewsRespositoryProtocol.swift */; };
		2DD164642BE125C900855822 /* NetworkClient.swift in Sources */ = {isa = PBXBuildFile; fileRef = 2DD164632BE125C900855822 /* NetworkClient.swift */; };
		2DD164662BE1294200855822 /* BaseEndpoint.swift in Sources */ = {isa = PBXBuildFile; fileRef = 2DD164652BE1294200855822 /* BaseEndpoint.swift */; };
		521A17404A3E51D44ED76E1D /* Pods_CleanSwiftWithRouterTests.framework in Frameworks */ = {isa = PBXBuildFile; fileRef = 7DAA58761495542C629C2748 /* Pods_CleanSwiftWithRouterTests.framework */; };
		8A3BB09342ECD8CE726BD90E /* Pods_CleanSwiftWithRouter.framework in Frameworks */ = {isa = PBXBuildFile; fileRef = 6CBD81A4167E6003C38CF716 /* Pods_CleanSwiftWithRouter.framework */; };
		99F318382BE7C5C2004260B3 /* CleanSwiftWithRouterTests.swift in Sources */ = {isa = PBXBuildFile; fileRef = 99F318372BE7C5C2004260B3 /* CleanSwiftWithRouterTests.swift */; };
		99F3183F2BE7C609004260B3 /* NewsListViewModelTests.swift in Sources */ = {isa = PBXBuildFile; fileRef = 99F3183E2BE7C609004260B3 /* NewsListViewModelTests.swift */; };
		99F318412BE7C65E004260B3 /* NewsListRepoMock.swift in Sources */ = {isa = PBXBuildFile; fileRef = 99F318402BE7C65E004260B3 /* NewsListRepoMock.swift */; };
/* End PBXBuildFile section */

/* Begin PBXContainerItemProxy section */
		99F318392BE7C5C2004260B3 /* PBXContainerItemProxy */ = {
			isa = PBXContainerItemProxy;
			containerPortal = 2DD164272BE11BE800855822 /* Project object */;
			proxyType = 1;
			remoteGlobalIDString = 2DD1642E2BE11BE800855822;
			remoteInfo = CleanSwiftWithRouter;
		};
/* End PBXContainerItemProxy section */

/* Begin PBXFileReference section */
		2DA4CCD02BE3F96600F67064 /* NewsRouter.swift */ = {isa = PBXFileReference; lastKnownFileType = sourcecode.swift; path = NewsRouter.swift; sourceTree = "<group>"; };
		2DA4CCF32BE4A8BA00F67064 /* Info.plist */ = {isa = PBXFileReference; lastKnownFileType = text.plist; path = Info.plist; sourceTree = "<group>"; };
		2DA4CCF42BE4AA0700F67064 /* CleanSwiftWithRouterRelease.entitlements */ = {isa = PBXFileReference; lastKnownFileType = text.plist.entitlements; path = CleanSwiftWithRouterRelease.entitlements; sourceTree = "<group>"; };
		2DD1642F2BE11BE800855822 /* CleanSwiftWithRouter.app */ = {isa = PBXFileReference; explicitFileType = wrapper.application; includeInIndex = 0; path = CleanSwiftWithRouter.app; sourceTree = BUILT_PRODUCTS_DIR; };
		2DD164322BE11BE800855822 /* CleanSwiftWithRouterApp.swift */ = {isa = PBXFileReference; lastKnownFileType = sourcecode.swift; path = CleanSwiftWithRouterApp.swift; sourceTree = "<group>"; };
		2DD164342BE11BE800855822 /* ContentView.swift */ = {isa = PBXFileReference; lastKnownFileType = sourcecode.swift; path = ContentView.swift; sourceTree = "<group>"; };
		2DD164362BE11BE800855822 /* Item.swift */ = {isa = PBXFileReference; lastKnownFileType = sourcecode.swift; path = Item.swift; sourceTree = "<group>"; };
		2DD164382BE11BE900855822 /* Assets.xcassets */ = {isa = PBXFileReference; lastKnownFileType = folder.assetcatalog; path = Assets.xcassets; sourceTree = "<group>"; };
		2DD1643A2BE11BE900855822 /* CleanSwiftWithRouter.entitlements */ = {isa = PBXFileReference; lastKnownFileType = text.plist.entitlements; path = CleanSwiftWithRouter.entitlements; sourceTree = "<group>"; };
		2DD1643C2BE11BE900855822 /* Preview Assets.xcassets */ = {isa = PBXFileReference; lastKnownFileType = folder.assetcatalog; path = "Preview Assets.xcassets"; sourceTree = "<group>"; };
		2DD164532BE123D000855822 /* NewsListView.swift */ = {isa = PBXFileReference; lastKnownFileType = sourcecode.swift; path = NewsListView.swift; sourceTree = "<group>"; };
		2DD164552BE1249000855822 /* NewsListViewModel.swift */ = {isa = PBXFileReference; lastKnownFileType = sourcecode.swift; path = NewsListViewModel.swift; sourceTree = "<group>"; };
		2DD164572BE1249E00855822 /* NewsUsecase.swift */ = {isa = PBXFileReference; lastKnownFileType = sourcecode.swift; path = NewsUsecase.swift; sourceTree = "<group>"; };
		2DD164592BE1254200855822 /* NewsEntity.swift */ = {isa = PBXFileReference; lastKnownFileType = sourcecode.swift; path = NewsEntity.swift; sourceTree = "<group>"; };
		2DD1645B2BE1255E00855822 /* NewsEndpoint.swift */ = {isa = PBXFileReference; lastKnownFileType = sourcecode.swift; path = NewsEndpoint.swift; sourceTree = "<group>"; };
		2DD1645D2BE1258700855822 /* NewsListRepoImp.swift */ = {isa = PBXFileReference; lastKnownFileType = sourcecode.swift; path = NewsListRepoImp.swift; sourceTree = "<group>"; };
		2DD1645F2BE1259100855822 /* News.swift */ = {isa = PBXFileReference; lastKnownFileType = sourcecode.swift; path = News.swift; sourceTree = "<group>"; };
		2DD164612BE125A800855822 /* NewsRespositoryProtocol.swift */ = {isa = PBXFileReference; lastKnownFileType = sourcecode.swift; path = NewsRespositoryProtocol.swift; sourceTree = "<group>"; };
		2DD164632BE125C900855822 /* NetworkClient.swift */ = {isa = PBXFileReference; lastKnownFileType = sourcecode.swift; path = NetworkClient.swift; sourceTree = "<group>"; };
		2DD164652BE1294200855822 /* BaseEndpoint.swift */ = {isa = PBXFileReference; lastKnownFileType = sourcecode.swift; path = BaseEndpoint.swift; sourceTree = "<group>"; };
		30B5E9AE999ECF1572BEBE73 /* Pods-CleanSwiftWithRouterTests.release.xcconfig */ = {isa = PBXFileReference; includeInIndex = 1; lastKnownFileType = text.xcconfig; name = "Pods-CleanSwiftWithRouterTests.release.xcconfig"; path = "Target Support Files/Pods-CleanSwiftWithRouterTests/Pods-CleanSwiftWithRouterTests.release.xcconfig"; sourceTree = "<group>"; };
		3814476562D5F99EAC67ECB7 /* Pods-CleanSwiftWithRouterTests.debug.xcconfig */ = {isa = PBXFileReference; includeInIndex = 1; lastKnownFileType = text.xcconfig; name = "Pods-CleanSwiftWithRouterTests.debug.xcconfig"; path = "Target Support Files/Pods-CleanSwiftWithRouterTests/Pods-CleanSwiftWithRouterTests.debug.xcconfig"; sourceTree = "<group>"; };
		6CBD81A4167E6003C38CF716 /* Pods_CleanSwiftWithRouter.framework */ = {isa = PBXFileReference; explicitFileType = wrapper.framework; includeInIndex = 0; path = Pods_CleanSwiftWithRouter.framework; sourceTree = BUILT_PRODUCTS_DIR; };
		7DAA58761495542C629C2748 /* Pods_CleanSwiftWithRouterTests.framework */ = {isa = PBXFileReference; explicitFileType = wrapper.framework; includeInIndex = 0; path = Pods_CleanSwiftWithRouterTests.framework; sourceTree = BUILT_PRODUCTS_DIR; };
		8A4F73F7638DA5B2561BABE4 /* Pods-CleanSwiftWithRouter.debug.xcconfig */ = {isa = PBXFileReference; includeInIndex = 1; lastKnownFileType = text.xcconfig; name = "Pods-CleanSwiftWithRouter.debug.xcconfig"; path = "Target Support Files/Pods-CleanSwiftWithRouter/Pods-CleanSwiftWithRouter.debug.xcconfig"; sourceTree = "<group>"; };
		8F539D9FA2423E9134B72C90 /* Pods-CleanSwiftWithRouter.release.xcconfig */ = {isa = PBXFileReference; includeInIndex = 1; lastKnownFileType = text.xcconfig; name = "Pods-CleanSwiftWithRouter.release.xcconfig"; path = "Target Support Files/Pods-CleanSwiftWithRouter/Pods-CleanSwiftWithRouter.release.xcconfig"; sourceTree = "<group>"; };
		99F318352BE7C5C2004260B3 /* CleanSwiftWithRouterTests.xctest */ = {isa = PBXFileReference; explicitFileType = wrapper.cfbundle; includeInIndex = 0; path = CleanSwiftWithRouterTests.xctest; sourceTree = BUILT_PRODUCTS_DIR; };
		99F318372BE7C5C2004260B3 /* CleanSwiftWithRouterTests.swift */ = {isa = PBXFileReference; lastKnownFileType = sourcecode.swift; path = CleanSwiftWithRouterTests.swift; sourceTree = "<group>"; };
		99F3183E2BE7C609004260B3 /* NewsListViewModelTests.swift */ = {isa = PBXFileReference; lastKnownFileType = sourcecode.swift; path = NewsListViewModelTests.swift; sourceTree = "<group>"; };
		99F318402BE7C65E004260B3 /* NewsListRepoMock.swift */ = {isa = PBXFileReference; lastKnownFileType = sourcecode.swift; path = NewsListRepoMock.swift; sourceTree = "<group>"; };
/* End PBXFileReference section */

/* Begin PBXFrameworksBuildPhase section */
		2DD1642C2BE11BE800855822 /* Frameworks */ = {
			isa = PBXFrameworksBuildPhase;
			buildActionMask = 2147483647;
			files = (
				8A3BB09342ECD8CE726BD90E /* Pods_CleanSwiftWithRouter.framework in Frameworks */,
			);
			runOnlyForDeploymentPostprocessing = 0;
		};
		99F318322BE7C5C2004260B3 /* Frameworks */ = {
			isa = PBXFrameworksBuildPhase;
			buildActionMask = 2147483647;
			files = (
				521A17404A3E51D44ED76E1D /* Pods_CleanSwiftWithRouterTests.framework in Frameworks */,
			);
			runOnlyForDeploymentPostprocessing = 0;
		};
/* End PBXFrameworksBuildPhase section */

/* Begin PBXGroup section */
		2DD164262BE11BE800855822 = {
			isa = PBXGroup;
			children = (
				2DD164312BE11BE800855822 /* CleanSwiftWithRouter */,
				99F318362BE7C5C2004260B3 /* CleanSwiftWithRouterTests */,
				2DD164302BE11BE800855822 /* Products */,
				9D70FAFA0CD2786CDDE8D116 /* Pods */,
				C8523DC1887ED9B3376D7405 /* Frameworks */,
			);
			sourceTree = "<group>";
		};
		2DD164302BE11BE800855822 /* Products */ = {
			isa = PBXGroup;
			children = (
				2DD1642F2BE11BE800855822 /* CleanSwiftWithRouter.app */,
				99F318352BE7C5C2004260B3 /* CleanSwiftWithRouterTests.xctest */,
			);
			name = Products;
			sourceTree = "<group>";
		};
		2DD164312BE11BE800855822 /* CleanSwiftWithRouter */ = {
			isa = PBXGroup;
			children = (
				2DA4CCF42BE4AA0700F67064 /* CleanSwiftWithRouterRelease.entitlements */,
				2DA4CCF32BE4A8BA00F67064 /* Info.plist */,
				2DD164442BE120D700855822 /* Features */,
				2DD164432BE120D100855822 /* Core */,
				2DD164322BE11BE800855822 /* CleanSwiftWithRouterApp.swift */,
				2DD164342BE11BE800855822 /* ContentView.swift */,
				2DD164362BE11BE800855822 /* Item.swift */,
				2DD164382BE11BE900855822 /* Assets.xcassets */,
				2DD1643A2BE11BE900855822 /* CleanSwiftWithRouter.entitlements */,
				2DD1643B2BE11BE900855822 /* Preview Content */,
			);
			path = CleanSwiftWithRouter;
			sourceTree = "<group>";
		};
		2DD1643B2BE11BE900855822 /* Preview Content */ = {
			isa = PBXGroup;
			children = (
				2DD1643C2BE11BE900855822 /* Preview Assets.xcassets */,
			);
			path = "Preview Content";
			sourceTree = "<group>";
		};
		2DD164432BE120D100855822 /* Core */ = {
			isa = PBXGroup;
			children = (
				2DD164492BE1210600855822 /* Network */,
			);
			path = Core;
			sourceTree = "<group>";
		};
		2DD164442BE120D700855822 /* Features */ = {
			isa = PBXGroup;
			children = (
				2DD164452BE120E500855822 /* NewsList */,
			);
			path = Features;
			sourceTree = "<group>";
		};
		2DD164452BE120E500855822 /* NewsList */ = {
			isa = PBXGroup;
			children = (
				2DD1644A2BE1211600855822 /* Router */,
				2DD164482BE120FA00855822 /* Presentation */,
				2DD164472BE120F500855822 /* Domain */,
				2DD164462BE120ED00855822 /* Data */,
			);
			path = NewsList;
			sourceTree = "<group>";
		};
		2DD164462BE120ED00855822 /* Data */ = {
			isa = PBXGroup;
			children = (
				2DD1644D2BE1213700855822 /* Datasource */,
				2DD1644C2BE1212800855822 /* Repository */,
				2DD1644B2BE1212100855822 /* Models */,
			);
			path = Data;
			sourceTree = "<group>";
		};
		2DD164472BE120F500855822 /* Domain */ = {
			isa = PBXGroup;
			children = (
				2DD164502BE1236100855822 /* Respository */,
				2DD1644F2BE1233C00855822 /* Usecases */,
				2DD1644E2BE1233500855822 /* Entities */,
			);
			path = Domain;
			sourceTree = "<group>";
		};
		2DD164482BE120FA00855822 /* Presentation */ = {
			isa = PBXGroup;
			children = (
				2DD164522BE1237700855822 /* ViewModels */,
				2DD164512BE1237000855822 /* View */,
			);
			path = Presentation;
			sourceTree = "<group>";
		};
		2DD164492BE1210600855822 /* Network */ = {
			isa = PBXGroup;
			children = (
				2DD164632BE125C900855822 /* NetworkClient.swift */,
				2DD164652BE1294200855822 /* BaseEndpoint.swift */,
			);
			path = Network;
			sourceTree = "<group>";
		};
		2DD1644A2BE1211600855822 /* Router */ = {
			isa = PBXGroup;
			children = (
				2DA4CCD02BE3F96600F67064 /* NewsRouter.swift */,
			);
			path = Router;
			sourceTree = "<group>";
		};
		2DD1644B2BE1212100855822 /* Models */ = {
			isa = PBXGroup;
			children = (
				2DD1645F2BE1259100855822 /* News.swift */,
			);
			path = Models;
			sourceTree = "<group>";
		};
		2DD1644C2BE1212800855822 /* Repository */ = {
			isa = PBXGroup;
			children = (
				2DD1645D2BE1258700855822 /* NewsListRepoImp.swift */,
			);
			path = Repository;
			sourceTree = "<group>";
		};
		2DD1644D2BE1213700855822 /* Datasource */ = {
			isa = PBXGroup;
			children = (
				2DD1645B2BE1255E00855822 /* NewsEndpoint.swift */,
			);
			path = Datasource;
			sourceTree = "<group>";
		};
		2DD1644E2BE1233500855822 /* Entities */ = {
			isa = PBXGroup;
			children = (
				2DD164592BE1254200855822 /* NewsEntity.swift */,
			);
			path = Entities;
			sourceTree = "<group>";
		};
		2DD1644F2BE1233C00855822 /* Usecases */ = {
			isa = PBXGroup;
			children = (
				2DD164572BE1249E00855822 /* NewsUsecase.swift */,
			);
			path = Usecases;
			sourceTree = "<group>";
		};
		2DD164502BE1236100855822 /* Respository */ = {
			isa = PBXGroup;
			children = (
				2DD164612BE125A800855822 /* NewsRespositoryProtocol.swift */,
			);
			path = Respository;
			sourceTree = "<group>";
		};
		2DD164512BE1237000855822 /* View */ = {
			isa = PBXGroup;
			children = (
				2DD164532BE123D000855822 /* NewsListView.swift */,
			);
			path = View;
			sourceTree = "<group>";
		};
		2DD164522BE1237700855822 /* ViewModels */ = {
			isa = PBXGroup;
			children = (
				2DD164552BE1249000855822 /* NewsListViewModel.swift */,
			);
			path = ViewModels;
			sourceTree = "<group>";
		};
		99F318362BE7C5C2004260B3 /* CleanSwiftWithRouterTests */ = {
			isa = PBXGroup;
			children = (
				99F318372BE7C5C2004260B3 /* CleanSwiftWithRouterTests.swift */,
				99F3183E2BE7C609004260B3 /* NewsListViewModelTests.swift */,
				99F318402BE7C65E004260B3 /* NewsListRepoMock.swift */,
			);
			path = CleanSwiftWithRouterTests;
			sourceTree = "<group>";
		};
		9D70FAFA0CD2786CDDE8D116 /* Pods */ = {
			isa = PBXGroup;
			children = (
				8A4F73F7638DA5B2561BABE4 /* Pods-CleanSwiftWithRouter.debug.xcconfig */,
				8F539D9FA2423E9134B72C90 /* Pods-CleanSwiftWithRouter.release.xcconfig */,
				3814476562D5F99EAC67ECB7 /* Pods-CleanSwiftWithRouterTests.debug.xcconfig */,
				30B5E9AE999ECF1572BEBE73 /* Pods-CleanSwiftWithRouterTests.release.xcconfig */,
			);
			path = Pods;
			sourceTree = "<group>";
		};
		C8523DC1887ED9B3376D7405 /* Frameworks */ = {
			isa = PBXGroup;
			children = (
				6CBD81A4167E6003C38CF716 /* Pods_CleanSwiftWithRouter.framework */,
				7DAA58761495542C629C2748 /* Pods_CleanSwiftWithRouterTests.framework */,
			);
			name = Frameworks;
			sourceTree = "<group>";
		};
/* End PBXGroup section */

/* Begin PBXNativeTarget section */
		2DD1642E2BE11BE800855822 /* CleanSwiftWithRouter */ = {
			isa = PBXNativeTarget;
			buildConfigurationList = 2DD164402BE11BE900855822 /* Build configuration list for PBXNativeTarget "CleanSwiftWithRouter" */;
			buildPhases = (
				42C18398F7312EDA955A27FA /* [CP] Check Pods Manifest.lock */,
				2DD1642B2BE11BE800855822 /* Sources */,
				2DD1642C2BE11BE800855822 /* Frameworks */,
				2DD1642D2BE11BE800855822 /* Resources */,
			);
			buildRules = (
			);
			dependencies = (
			);
			name = CleanSwiftWithRouter;
			productName = CleanSwiftWithRouter;
			productReference = 2DD1642F2BE11BE800855822 /* CleanSwiftWithRouter.app */;
			productType = "com.apple.product-type.application";
		};
		99F318342BE7C5C2004260B3 /* CleanSwiftWithRouterTests */ = {
			isa = PBXNativeTarget;
			buildConfigurationList = 99F3183D2BE7C5C2004260B3 /* Build configuration list for PBXNativeTarget "CleanSwiftWithRouterTests" */;
			buildPhases = (
				2C61F7EE7B4C4A3786ACA779 /* [CP] Check Pods Manifest.lock */,
				99F318312BE7C5C2004260B3 /* Sources */,
				99F318322BE7C5C2004260B3 /* Frameworks */,
				99F318332BE7C5C2004260B3 /* Resources */,
			);
			buildRules = (
			);
			dependencies = (
				99F3183A2BE7C5C2004260B3 /* PBXTargetDependency */,
			);
			name = CleanSwiftWithRouterTests;
			productName = CleanSwiftWithRouterTests;
			productReference = 99F318352BE7C5C2004260B3 /* CleanSwiftWithRouterTests.xctest */;
			productType = "com.apple.product-type.bundle.unit-test";
		};
/* End PBXNativeTarget section */

/* Begin PBXProject section */
		2DD164272BE11BE800855822 /* Project object */ = {
			isa = PBXProject;
			attributes = {
				BuildIndependentTargetsInParallel = 1;
				LastSwiftUpdateCheck = 1530;
				LastUpgradeCheck = 1530;
				TargetAttributes = {
					2DD1642E2BE11BE800855822 = {
						CreatedOnToolsVersion = 15.3;
					};
					99F318342BE7C5C2004260B3 = {
						CreatedOnToolsVersion = 15.3;
						TestTargetID = 2DD1642E2BE11BE800855822;
					};
				};
			};
			buildConfigurationList = 2DD1642A2BE11BE800855822 /* Build configuration list for PBXProject "CleanSwiftWithRouter" */;
			compatibilityVersion = "Xcode 14.0";
			developmentRegion = en;
			hasScannedForEncodings = 0;
			knownRegions = (
				en,
				Base,
			);
			mainGroup = 2DD164262BE11BE800855822;
			productRefGroup = 2DD164302BE11BE800855822 /* Products */;
			projectDirPath = "";
			projectRoot = "";
			targets = (
				2DD1642E2BE11BE800855822 /* CleanSwiftWithRouter */,
				99F318342BE7C5C2004260B3 /* CleanSwiftWithRouterTests */,
			);
		};
/* End PBXProject section */

/* Begin PBXResourcesBuildPhase section */
		2DD1642D2BE11BE800855822 /* Resources */ = {
			isa = PBXResourcesBuildPhase;
			buildActionMask = 2147483647;
			files = (
				2DD1643D2BE11BE900855822 /* Preview Assets.xcassets in Resources */,
				2DD164392BE11BE900855822 /* Assets.xcassets in Resources */,
			);
			runOnlyForDeploymentPostprocessing = 0;
		};
		99F318332BE7C5C2004260B3 /* Resources */ = {
			isa = PBXResourcesBuildPhase;
			buildActionMask = 2147483647;
			files = (
			);
			runOnlyForDeploymentPostprocessing = 0;
		};
/* End PBXResourcesBuildPhase section */

/* Begin PBXShellScriptBuildPhase section */
		2C61F7EE7B4C4A3786ACA779 /* [CP] Check Pods Manifest.lock */ = {
			isa = PBXShellScriptBuildPhase;
			buildActionMask = 2147483647;
			files = (
			);
			inputFileListPaths = (
			);
			inputPaths = (
				"${PODS_PODFILE_DIR_PATH}/Podfile.lock",
				"${PODS_ROOT}/Manifest.lock",
			);
			name = "[CP] Check Pods Manifest.lock";
			outputFileListPaths = (
			);
			outputPaths = (
				"$(DERIVED_FILE_DIR)/Pods-CleanSwiftWithRouterTests-checkManifestLockResult.txt",
			);
			runOnlyForDeploymentPostprocessing = 0;
			shellPath = /bin/sh;
			shellScript = "diff \"${PODS_PODFILE_DIR_PATH}/Podfile.lock\" \"${PODS_ROOT}/Manifest.lock\" > /dev/null\nif [ $? != 0 ] ; then\n    # print error to STDERR\n    echo \"error: The sandbox is not in sync with the Podfile.lock. Run 'pod install' or update your CocoaPods installation.\" >&2\n    exit 1\nfi\n# This output is used by Xcode 'outputs' to avoid re-running this script phase.\necho \"SUCCESS\" > \"${SCRIPT_OUTPUT_FILE_0}\"\n";
			showEnvVarsInLog = 0;
		};
		42C18398F7312EDA955A27FA /* [CP] Check Pods Manifest.lock */ = {
			isa = PBXShellScriptBuildPhase;
			buildActionMask = 2147483647;
			files = (
			);
			inputFileListPaths = (
			);
			inputPaths = (
				"${PODS_PODFILE_DIR_PATH}/Podfile.lock",
				"${PODS_ROOT}/Manifest.lock",
			);
			name = "[CP] Check Pods Manifest.lock";
			outputFileListPaths = (
			);
			outputPaths = (
				"$(DERIVED_FILE_DIR)/Pods-CleanSwiftWithRouter-checkManifestLockResult.txt",
			);
			runOnlyForDeploymentPostprocessing = 0;
			shellPath = /bin/sh;
			shellScript = "diff \"${PODS_PODFILE_DIR_PATH}/Podfile.lock\" \"${PODS_ROOT}/Manifest.lock\" > /dev/null\nif [ $? != 0 ] ; then\n    # print error to STDERR\n    echo \"error: The sandbox is not in sync with the Podfile.lock. Run 'pod install' or update your CocoaPods installation.\" >&2\n    exit 1\nfi\n# This output is used by Xcode 'outputs' to avoid re-running this script phase.\necho \"SUCCESS\" > \"${SCRIPT_OUTPUT_FILE_0}\"\n";
			showEnvVarsInLog = 0;
		};
/* End PBXShellScriptBuildPhase section */

/* Begin PBXSourcesBuildPhase section */
		2DD1642B2BE11BE800855822 /* Sources */ = {
			isa = PBXSourcesBuildPhase;
			buildActionMask = 2147483647;
			files = (
				2DD1645A2BE1254200855822 /* NewsEntity.swift in Sources */,
				2DD1645E2BE1258700855822 /* NewsListRepoImp.swift in Sources */,
				2DD164582BE1249E00855822 /* NewsUsecase.swift in Sources */,
				2DD164662BE1294200855822 /* BaseEndpoint.swift in Sources */,
				2DD164352BE11BE800855822 /* ContentView.swift in Sources */,
				2DD164542BE123D000855822 /* NewsListView.swift in Sources */,
				2DD164562BE1249000855822 /* NewsListViewModel.swift in Sources */,
				2DA4CCD12BE3F96600F67064 /* NewsRouter.swift in Sources */,
				2DD164622BE125A800855822 /* NewsRespositoryProtocol.swift in Sources */,
				2DD164372BE11BE800855822 /* Item.swift in Sources */,
				2DD164332BE11BE800855822 /* CleanSwiftWithRouterApp.swift in Sources */,
				2DD164602BE1259100855822 /* News.swift in Sources */,
				2DD164642BE125C900855822 /* NetworkClient.swift in Sources */,
				2DD1645C2BE1255E00855822 /* NewsEndpoint.swift in Sources */,
			);
			runOnlyForDeploymentPostprocessing = 0;
		};
		99F318312BE7C5C2004260B3 /* Sources */ = {
			isa = PBXSourcesBuildPhase;
			buildActionMask = 2147483647;
			files = (
				99F318382BE7C5C2004260B3 /* CleanSwiftWithRouterTests.swift in Sources */,
				99F3183F2BE7C609004260B3 /* NewsListViewModelTests.swift in Sources */,
				99F318412BE7C65E004260B3 /* NewsListRepoMock.swift in Sources */,
			);
			runOnlyForDeploymentPostprocessing = 0;
		};
/* End PBXSourcesBuildPhase section */

/* Begin PBXTargetDependency section */
		99F3183A2BE7C5C2004260B3 /* PBXTargetDependency */ = {
			isa = PBXTargetDependency;
			target = 2DD1642E2BE11BE800855822 /* CleanSwiftWithRouter */;
			targetProxy = 99F318392BE7C5C2004260B3 /* PBXContainerItemProxy */;
		};
/* End PBXTargetDependency section */

/* Begin XCBuildConfiguration section */
		2DD1643E2BE11BE900855822 /* Debug */ = {
			isa = XCBuildConfiguration;
			buildSettings = {
				ALWAYS_SEARCH_USER_PATHS = NO;
				ASSETCATALOG_COMPILER_GENERATE_SWIFT_ASSET_SYMBOL_EXTENSIONS = YES;
				CLANG_ANALYZER_NONNULL = YES;
				CLANG_ANALYZER_NUMBER_OBJECT_CONVERSION = YES_AGGRESSIVE;
				CLANG_CXX_LANGUAGE_STANDARD = "gnu++20";
				CLANG_ENABLE_MODULES = YES;
				CLANG_ENABLE_OBJC_ARC = YES;
				CLANG_ENABLE_OBJC_WEAK = YES;
				CLANG_WARN_BLOCK_CAPTURE_AUTORELEASING = YES;
				CLANG_WARN_BOOL_CONVERSION = YES;
				CLANG_WARN_COMMA = YES;
				CLANG_WARN_CONSTANT_CONVERSION = YES;
				CLANG_WARN_DEPRECATED_OBJC_IMPLEMENTATIONS = YES;
				CLANG_WARN_DIRECT_OBJC_ISA_USAGE = YES_ERROR;
				CLANG_WARN_DOCUMENTATION_COMMENTS = YES;
				CLANG_WARN_EMPTY_BODY = YES;
				CLANG_WARN_ENUM_CONVERSION = YES;
				CLANG_WARN_INFINITE_RECURSION = YES;
				CLANG_WARN_INT_CONVERSION = YES;
				CLANG_WARN_NON_LITERAL_NULL_CONVERSION = YES;
				CLANG_WARN_OBJC_IMPLICIT_RETAIN_SELF = YES;
				CLANG_WARN_OBJC_LITERAL_CONVERSION = YES;
				CLANG_WARN_OBJC_ROOT_CLASS = YES_ERROR;
				CLANG_WARN_QUOTED_INCLUDE_IN_FRAMEWORK_HEADER = YES;
				CLANG_WARN_RANGE_LOOP_ANALYSIS = YES;
				CLANG_WARN_STRICT_PROTOTYPES = YES;
				CLANG_WARN_SUSPICIOUS_MOVE = YES;
				CLANG_WARN_UNGUARDED_AVAILABILITY = YES_AGGRESSIVE;
				CLANG_WARN_UNREACHABLE_CODE = YES;
				CLANG_WARN__DUPLICATE_METHOD_MATCH = YES;
				CODE_SIGN_STYLE = Manual;
				COPY_PHASE_STRIP = NO;
				DEBUG_INFORMATION_FORMAT = dwarf;
				DEVELOPMENT_TEAM = UQN7GH636G;
				ENABLE_STRICT_OBJC_MSGSEND = YES;
				ENABLE_TESTABILITY = YES;
				ENABLE_USER_SCRIPT_SANDBOXING = YES;
				GCC_C_LANGUAGE_STANDARD = gnu17;
				GCC_DYNAMIC_NO_PIC = NO;
				GCC_NO_COMMON_BLOCKS = YES;
				GCC_OPTIMIZATION_LEVEL = 0;
				GCC_PREPROCESSOR_DEFINITIONS = (
					"DEBUG=1",
					"$(inherited)",
				);
				GCC_WARN_64_TO_32_BIT_CONVERSION = YES;
				GCC_WARN_ABOUT_RETURN_TYPE = YES_ERROR;
				GCC_WARN_UNDECLARED_SELECTOR = YES;
				GCC_WARN_UNINITIALIZED_AUTOS = YES_AGGRESSIVE;
				GCC_WARN_UNUSED_FUNCTION = YES;
				GCC_WARN_UNUSED_VARIABLE = YES;
				IPHONEOS_DEPLOYMENT_TARGET = 17.0;
				LOCALIZATION_PREFERS_STRING_CATALOGS = YES;
				MTL_ENABLE_DEBUG_INFO = INCLUDE_SOURCE;
				MTL_FAST_MATH = YES;
				ONLY_ACTIVE_ARCH = YES;
				SWIFT_ACTIVE_COMPILATION_CONDITIONS = "DEBUG $(inherited)";
				SWIFT_OPTIMIZATION_LEVEL = "-Onone";
			};
			name = Debug;
		};
		2DD1643F2BE11BE900855822 /* Release */ = {
			isa = XCBuildConfiguration;
			buildSettings = {
				ALWAYS_SEARCH_USER_PATHS = NO;
				ASSETCATALOG_COMPILER_GENERATE_SWIFT_ASSET_SYMBOL_EXTENSIONS = YES;
				CLANG_ANALYZER_NONNULL = YES;
				CLANG_ANALYZER_NUMBER_OBJECT_CONVERSION = YES_AGGRESSIVE;
				CLANG_CXX_LANGUAGE_STANDARD = "gnu++20";
				CLANG_ENABLE_MODULES = YES;
				CLANG_ENABLE_OBJC_ARC = YES;
				CLANG_ENABLE_OBJC_WEAK = YES;
				CLANG_WARN_BLOCK_CAPTURE_AUTORELEASING = YES;
				CLANG_WARN_BOOL_CONVERSION = YES;
				CLANG_WARN_COMMA = YES;
				CLANG_WARN_CONSTANT_CONVERSION = YES;
				CLANG_WARN_DEPRECATED_OBJC_IMPLEMENTATIONS = YES;
				CLANG_WARN_DIRECT_OBJC_ISA_USAGE = YES_ERROR;
				CLANG_WARN_DOCUMENTATION_COMMENTS = YES;
				CLANG_WARN_EMPTY_BODY = YES;
				CLANG_WARN_ENUM_CONVERSION = YES;
				CLANG_WARN_INFINITE_RECURSION = YES;
				CLANG_WARN_INT_CONVERSION = YES;
				CLANG_WARN_NON_LITERAL_NULL_CONVERSION = YES;
				CLANG_WARN_OBJC_IMPLICIT_RETAIN_SELF = YES;
				CLANG_WARN_OBJC_LITERAL_CONVERSION = YES;
				CLANG_WARN_OBJC_ROOT_CLASS = YES_ERROR;
				CLANG_WARN_QUOTED_INCLUDE_IN_FRAMEWORK_HEADER = YES;
				CLANG_WARN_RANGE_LOOP_ANALYSIS = YES;
				CLANG_WARN_STRICT_PROTOTYPES = YES;
				CLANG_WARN_SUSPICIOUS_MOVE = YES;
				CLANG_WARN_UNGUARDED_AVAILABILITY = YES_AGGRESSIVE;
				CLANG_WARN_UNREACHABLE_CODE = YES;
				CLANG_WARN__DUPLICATE_METHOD_MATCH = YES;
				CODE_SIGN_STYLE = Manual;
				COPY_PHASE_STRIP = NO;
				DEBUG_INFORMATION_FORMAT = "dwarf-with-dsym";
				DEVELOPMENT_TEAM = UQN7GH636G;
				ENABLE_NS_ASSERTIONS = NO;
				ENABLE_STRICT_OBJC_MSGSEND = YES;
				ENABLE_USER_SCRIPT_SANDBOXING = YES;
				GCC_C_LANGUAGE_STANDARD = gnu17;
				GCC_NO_COMMON_BLOCKS = YES;
				GCC_WARN_64_TO_32_BIT_CONVERSION = YES;
				GCC_WARN_ABOUT_RETURN_TYPE = YES_ERROR;
				GCC_WARN_UNDECLARED_SELECTOR = YES;
				GCC_WARN_UNINITIALIZED_AUTOS = YES_AGGRESSIVE;
				GCC_WARN_UNUSED_FUNCTION = YES;
				GCC_WARN_UNUSED_VARIABLE = YES;
				IPHONEOS_DEPLOYMENT_TARGET = 17.0;
				LOCALIZATION_PREFERS_STRING_CATALOGS = YES;
				MTL_ENABLE_DEBUG_INFO = NO;
				MTL_FAST_MATH = YES;
				SWIFT_COMPILATION_MODE = wholemodule;
			};
			name = Release;
		};
		2DD164412BE11BE900855822 /* Debug */ = {
			isa = XCBuildConfiguration;
			baseConfigurationReference = 8A4F73F7638DA5B2561BABE4 /* Pods-CleanSwiftWithRouter.debug.xcconfig */;
			buildSettings = {
				ASSETCATALOG_COMPILER_APPICON_NAME = AppIcon;
				ASSETCATALOG_COMPILER_GLOBAL_ACCENT_COLOR_NAME = AccentColor;
				CODE_SIGN_ENTITLEMENTS = CleanSwiftWithRouter/CleanSwiftWithRouter.entitlements;
				CODE_SIGN_IDENTITY = "iPhone Distribution: Kevin Vishal (UQN7GH636G)";
				CODE_SIGN_STYLE = Manual;
				CURRENT_PROJECT_VERSION = 1;
				DEVELOPMENT_ASSET_PATHS = "\"CleanSwiftWithRouter/Preview Content\"";
				DEVELOPMENT_TEAM = UQN7GH636G;
				"DEVELOPMENT_TEAM[sdk=iphoneos*]" = UQN7GH636G;
				ENABLE_HARDENED_RUNTIME = YES;
				ENABLE_PREVIEWS = YES;
				GENERATE_INFOPLIST_FILE = YES;
				INFOPLIST_FILE = CleanSwiftWithRouter/Info.plist;
				"INFOPLIST_KEY_UIApplicationSceneManifest_Generation[sdk=iphoneos*]" = YES;
				"INFOPLIST_KEY_UIApplicationSceneManifest_Generation[sdk=iphonesimulator*]" = YES;
				"INFOPLIST_KEY_UIApplicationSupportsIndirectInputEvents[sdk=iphoneos*]" = YES;
				"INFOPLIST_KEY_UIApplicationSupportsIndirectInputEvents[sdk=iphonesimulator*]" = YES;
				"INFOPLIST_KEY_UILaunchScreen_Generation[sdk=iphoneos*]" = YES;
				"INFOPLIST_KEY_UILaunchScreen_Generation[sdk=iphonesimulator*]" = YES;
				"INFOPLIST_KEY_UIStatusBarStyle[sdk=iphoneos*]" = UIStatusBarStyleDefault;
				"INFOPLIST_KEY_UIStatusBarStyle[sdk=iphonesimulator*]" = UIStatusBarStyleDefault;
				INFOPLIST_KEY_UISupportedInterfaceOrientations_iPad = "UIInterfaceOrientationPortrait UIInterfaceOrientationPortraitUpsideDown UIInterfaceOrientationLandscapeLeft UIInterfaceOrientationLandscapeRight";
				INFOPLIST_KEY_UISupportedInterfaceOrientations_iPhone = "UIInterfaceOrientationPortrait UIInterfaceOrientationLandscapeLeft UIInterfaceOrientationLandscapeRight";
				IPHONEOS_DEPLOYMENT_TARGET = 17.0;
				LD_RUNPATH_SEARCH_PATHS = "@executable_path/Frameworks";
				"LD_RUNPATH_SEARCH_PATHS[sdk=macosx*]" = "@executable_path/../Frameworks";
				MACOSX_DEPLOYMENT_TARGET = 14.0;
				MARKETING_VERSION = 1.0;
				PRODUCT_BUNDLE_IDENTIFIER = com.tuffytiffany.CleanSwiftWithRouter;
				PRODUCT_NAME = "$(TARGET_NAME)";
				PROVISIONING_PROFILE_SPECIFIER = CleanSwiftWithRouterAdocProfile;
				"PROVISIONING_PROFILE_SPECIFIER[sdk=iphoneos*]" = CleanSwiftWithRouterAdocProfile;
				SDKROOT = auto;
				SUPPORTED_PLATFORMS = "iphoneos iphonesimulator macosx";
				SWIFT_EMIT_LOC_STRINGS = YES;
				SWIFT_VERSION = 5.0;
				TARGETED_DEVICE_FAMILY = "1,2";
			};
			name = Debug;
		};
		2DD164422BE11BE900855822 /* Release */ = {
			isa = XCBuildConfiguration;
			baseConfigurationReference = 8F539D9FA2423E9134B72C90 /* Pods-CleanSwiftWithRouter.release.xcconfig */;
			buildSettings = {
				ASSETCATALOG_COMPILER_APPICON_NAME = AppIcon;
				ASSETCATALOG_COMPILER_GLOBAL_ACCENT_COLOR_NAME = AccentColor;
				CODE_SIGN_ENTITLEMENTS = CleanSwiftWithRouter/CleanSwiftWithRouterRelease.entitlements;
				CODE_SIGN_IDENTITY = "iPhone Distribution: Kevin Vishal (UQN7GH636G)";
				"CODE_SIGN_IDENTITY[sdk=iphoneos*]" = "iPhone Distribution: Kevin Vishal (UQN7GH636G)";
				CODE_SIGN_STYLE = Manual;
				CURRENT_PROJECT_VERSION = 1;
				DEVELOPMENT_ASSET_PATHS = "\"CleanSwiftWithRouter/Preview Content\"";
				DEVELOPMENT_TEAM = UQN7GH636G;
				"DEVELOPMENT_TEAM[sdk=iphoneos*]" = UQN7GH636G;
				ENABLE_HARDENED_RUNTIME = YES;
				ENABLE_PREVIEWS = YES;
				GENERATE_INFOPLIST_FILE = YES;
				INFOPLIST_FILE = CleanSwiftWithRouter/Info.plist;
				"INFOPLIST_KEY_UIApplicationSceneManifest_Generation[sdk=iphoneos*]" = YES;
				"INFOPLIST_KEY_UIApplicationSceneManifest_Generation[sdk=iphonesimulator*]" = YES;
				"INFOPLIST_KEY_UIApplicationSupportsIndirectInputEvents[sdk=iphoneos*]" = YES;
				"INFOPLIST_KEY_UIApplicationSupportsIndirectInputEvents[sdk=iphonesimulator*]" = YES;
				"INFOPLIST_KEY_UILaunchScreen_Generation[sdk=iphoneos*]" = YES;
				"INFOPLIST_KEY_UILaunchScreen_Generation[sdk=iphonesimulator*]" = YES;
				"INFOPLIST_KEY_UIStatusBarStyle[sdk=iphoneos*]" = UIStatusBarStyleDefault;
				"INFOPLIST_KEY_UIStatusBarStyle[sdk=iphonesimulator*]" = UIStatusBarStyleDefault;
				INFOPLIST_KEY_UISupportedInterfaceOrientations_iPad = "UIInterfaceOrientationPortrait UIInterfaceOrientationPortraitUpsideDown UIInterfaceOrientationLandscapeLeft UIInterfaceOrientationLandscapeRight";
				INFOPLIST_KEY_UISupportedInterfaceOrientations_iPhone = "UIInterfaceOrientationPortrait UIInterfaceOrientationLandscapeLeft UIInterfaceOrientationLandscapeRight";
				IPHONEOS_DEPLOYMENT_TARGET = 17.0;
				LD_RUNPATH_SEARCH_PATHS = "@executable_path/Frameworks";
				"LD_RUNPATH_SEARCH_PATHS[sdk=macosx*]" = "@executable_path/../Frameworks";
				MACOSX_DEPLOYMENT_TARGET = 14.0;
				MARKETING_VERSION = 1.0;
				PRODUCT_BUNDLE_IDENTIFIER = com.tuffytiffany.CleanSwiftWithRouter;
				PRODUCT_NAME = "$(TARGET_NAME)";
				PROVISIONING_PROFILE_SPECIFIER = CleanSwiftWithRouterAdocProfile;
				"PROVISIONING_PROFILE_SPECIFIER[sdk=iphoneos*]" = CleanSwiftWithRouterAdocProfile;
				SDKROOT = auto;
				SUPPORTED_PLATFORMS = "iphoneos iphonesimulator macosx";
				SWIFT_EMIT_LOC_STRINGS = YES;
				SWIFT_VERSION = 5.0;
				TARGETED_DEVICE_FAMILY = "1,2";
			};
			name = Release;
		};
		99F3183B2BE7C5C2004260B3 /* Debug */ = {
			isa = XCBuildConfiguration;
			baseConfigurationReference = 3814476562D5F99EAC67ECB7 /* Pods-CleanSwiftWithRouterTests.debug.xcconfig */;
			buildSettings = {
				BUNDLE_LOADER = "$(TEST_HOST)";
				CODE_SIGN_STYLE = Manual;
				CURRENT_PROJECT_VERSION = 1;
				DEVELOPMENT_TEAM = "";
				GENERATE_INFOPLIST_FILE = YES;
				IPHONEOS_DEPLOYMENT_TARGET = 17.4;
				MARKETING_VERSION = 1.0;
				PRODUCT_BUNDLE_IDENTIFIER = com.tuffytiffany.CleanSwiftWithRouter;
				PRODUCT_NAME = "$(TARGET_NAME)";
				PROVISIONING_PROFILE_SPECIFIER = "";
				SDKROOT = iphoneos;
				SWIFT_EMIT_LOC_STRINGS = NO;
				SWIFT_VERSION = 5.0;
				TARGETED_DEVICE_FAMILY = "1,2";
				TEST_HOST = "$(BUILT_PRODUCTS_DIR)/CleanSwiftWithRouter.app/$(BUNDLE_EXECUTABLE_FOLDER_PATH)/CleanSwiftWithRouter";
			};
			name = Debug;
		};
		99F3183C2BE7C5C2004260B3 /* Release */ = {
			isa = XCBuildConfiguration;
			baseConfigurationReference = 30B5E9AE999ECF1572BEBE73 /* Pods-CleanSwiftWithRouterTests.release.xcconfig */;
			buildSettings = {
				BUNDLE_LOADER = "$(TEST_HOST)";
				CODE_SIGN_STYLE = Manual;
				CURRENT_PROJECT_VERSION = 1;
				DEVELOPMENT_TEAM = "";
				GENERATE_INFOPLIST_FILE = YES;
				IPHONEOS_DEPLOYMENT_TARGET = 17.4;
				MARKETING_VERSION = 1.0;
				PRODUCT_BUNDLE_IDENTIFIER = com.tuffytiffany.CleanSwiftWithRouter;
				PRODUCT_NAME = "$(TARGET_NAME)";
				PROVISIONING_PROFILE_SPECIFIER = "";
				SDKROOT = iphoneos;
				SWIFT_EMIT_LOC_STRINGS = NO;
				SWIFT_VERSION = 5.0;
				TARGETED_DEVICE_FAMILY = "1,2";
				TEST_HOST = "$(BUILT_PRODUCTS_DIR)/CleanSwiftWithRouter.app/$(BUNDLE_EXECUTABLE_FOLDER_PATH)/CleanSwiftWithRouter";
				VALIDATE_PRODUCT = YES;
			};
			name = Release;
		};
/* End XCBuildConfiguration section */

/* Begin XCConfigurationList section */
		2DD1642A2BE11BE800855822 /* Build configuration list for PBXProject "CleanSwiftWithRouter" */ = {
			isa = XCConfigurationList;
			buildConfigurations = (
				2DD1643E2BE11BE900855822 /* Debug */,
				2DD1643F2BE11BE900855822 /* Release */,
			);
			defaultConfigurationIsVisible = 0;
			defaultConfigurationName = Release;
		};
		2DD164402BE11BE900855822 /* Build configuration list for PBXNativeTarget "CleanSwiftWithRouter" */ = {
			isa = XCConfigurationList;
			buildConfigurations = (
				2DD164412BE11BE900855822 /* Debug */,
				2DD164422BE11BE900855822 /* Release */,
			);
			defaultConfigurationIsVisible = 0;
			defaultConfigurationName = Release;
		};
		99F3183D2BE7C5C2004260B3 /* Build configuration list for PBXNativeTarget "CleanSwiftWithRouterTests" */ = {
			isa = XCConfigurationList;
			buildConfigurations = (
				99F3183B2BE7C5C2004260B3 /* Debug */,
				99F3183C2BE7C5C2004260B3 /* Release */,
			);
			defaultConfigurationIsVisible = 0;
			defaultConfigurationName = Release;
		};
/* End XCConfigurationList section */
	};
	rootObject = 2DD164272BE11BE800855822 /* Project object */;
}
